PODS:
  - SendBirdCalls (1.8.0):
    - SendBirdWebRTC (~> 1.4.0)
  - SendBirdSDK (3.0.236)
  - SendBirdUIKit (2.1.14):
    - SendBirdSDK (~> 3.0.226)
  - SendBirdWebRTC (1.4.0)

DEPENDENCIES:
  - SendBirdCalls
  - SendBirdUIKit

SPEC REPOS:
  trunk:
    - SendBirdCalls
    - SendBirdSDK
    - SendBirdUIKit
    - SendBirdWebRTC

SPEC CHECKSUMS:
  SendBirdCalls: 077ae73f002aa1408fe35d7580b45ed544060a65
  SendBirdSDK: 17fd66c28e16fd92c10eccbfba2df6100b8dd970
  SendBirdUIKit: 038502bfdf49c947c4ca210530e75819474470b3
  SendBirdWebRTC: 385bf08aea051ea4c065303cddbfbe34eca36232

PODFILE CHECKSUM: f237a06c034b7dc83f56c09b0488665de2d7af85

COCOAPODS: 1.10.2
