PODS:
  - SendBirdCalls (1.7.1):
    - SendBirdWebRTC (~> 1.3.0)
  - SendBirdSDK (3.0.234)
  - SendBirdUIKit (2.1.13):
    - SendBirdSDK (~> 3.0.226)
  - SendBirdWebRTC (1.3.0)

DEPENDENCIES:
  - SendBirdCalls
  - SendBirdUIKit

SPEC REPOS:
  trunk:
    - SendBirdCalls
    - SendBirdSDK
    - SendBirdUIKit
    - SendBirdWebRTC

SPEC CHECKSUMS:
  SendBirdCalls: be9e19414102a27b2f763e52b502074e0e5d5698
  SendBirdSDK: ca326022470ec61166f352c2e5e0ad7fba28ea91
  SendBirdUIKit: c79ae04140b823087d0241da958ea5ba33534ee7
  SendBirdWebRTC: 44b6ccfe52daebbf9941a711408d97b7801fd2de

PODFILE CHECKSUM: f237a06c034b7dc83f56c09b0488665de2d7af85

COCOAPODS: 1.10.2
